// !$*UTF8*$!
{
	archiveVersion = 1;
	classes = {
	};
	objectVersion = 46;
	objects = {

/* Begin PBXBuildFile section */
		1B1886A0DC604595D41B1896 /* Pods_vite2.framework in Frameworks */ = {isa = PBXBuildFile; fileRef = 39C2BC42E193F88EF9246705 /* Pods_vite2.framework */; };
		21E464CAB9A31E0EB79D431C /* Pods_vite2Tests.framework in Frameworks */ = {isa = PBXBuildFile; fileRef = 48D8113212DC9A091B470834 /* Pods_vite2Tests.framework */; };
		2F0B45B61F37B966001F9C9D /* list.png in Resources */ = {isa = PBXBuildFile; fileRef = 2F0B45B41F37B966001F9C9D /* list.png */; };
		2F0B45B71F37B966001F9C9D /* user.png in Resources */ = {isa = PBXBuildFile; fileRef = 2F0B45B51F37B966001F9C9D /* user.png */; };
		2F0B45BB1F3A7D65001F9C9D /* close.png in Resources */ = {isa = PBXBuildFile; fileRef = 2F0B45BA1F3A7D65001F9C9D /* close.png */; };
		2F0F49CC1F67496000AD76E9 /* cx.png in Resources */ = {isa = PBXBuildFile; fileRef = 2F0F49CB1F67496000AD76E9 /* cx.png */; };
		2F0F49CE1F674A9D00AD76E9 /* cx2.png in Resources */ = {isa = PBXBuildFile; fileRef = 2F0F49CD1F674A9D00AD76E9 /* cx2.png */; };
		2F0F49D01F68A0B600AD76E9 /* xbox.jpg in Resources */ = {isa = PBXBuildFile; fileRef = 2F0F49CF1F68A0B600AD76E9 /* xbox.jpg */; };
		2F1BE5C51F0F266E0076BE7B /* loginTW.png in Resources */ = {isa = PBXBuildFile; fileRef = 2F1BE5C31F0F266E0076BE7B /* loginTW.png */; };
		2F1BE5C61F0F266F0076BE7B /* loginFB.png in Resources */ = {isa = PBXBuildFile; fileRef = 2F1BE5C41F0F266E0076BE7B /* loginFB.png */; };
		2F1BE5C81F0F281C0076BE7B /* blackTriangle.png in Resources */ = {isa = PBXBuildFile; fileRef = 2F1BE5C71F0F281C0076BE7B /* blackTriangle.png */; };
		2F1BE5CE1F0F2F930076BE7B /* gradient.png in Resources */ = {isa = PBXBuildFile; fileRef = 2F1BE5CD1F0F2F930076BE7B /* gradient.png */; };
		2F1D39FD1F42338000884E46 /* link.png in Resources */ = {isa = PBXBuildFile; fileRef = 2F1D39FC1F42338000884E46 /* link.png */; };
		2F1D39FF1F42342F00884E46 /* flickr.png in Resources */ = {isa = PBXBuildFile; fileRef = 2F1D39FE1F42342F00884E46 /* flickr.png */; };
		2F1D3A011F42365500884E46 /* aim.jpg in Resources */ = {isa = PBXBuildFile; fileRef = 2F1D3A001F42365500884E46 /* aim.jpg */; };
		2F1D3A031F437AED00884E46 /* GoogleService-Info.plist in Resources */ = {isa = PBXBuildFile; fileRef = 2F1D3A021F437AED00884E46 /* GoogleService-Info.plist */; };
		2F25485A1F29665700F346C0 /* edit.png in Resources */ = {isa = PBXBuildFile; fileRef = 2F2548581F29665700F346C0 /* edit.png */; };
		2F25485B1F29665700F346C0 /* orangeCheck.png in Resources */ = {isa = PBXBuildFile; fileRef = 2F2548591F29665700F346C0 /* orangeCheck.png */; };
		2F2548611F2967C300F346C0 /* logout.png in Resources */ = {isa = PBXBuildFile; fileRef = 2F2548601F2967C300F346C0 /* logout.png */; };
		2F47F4131E2EB360008D6354 /* AppDelegate.swift in Sources */ = {isa = PBXBuildFile; fileRef = 2F47F4121E2EB360008D6354 /* AppDelegate.swift */; };
		2F47F4151E2EB360008D6354 /* ViewController.swift in Sources */ = {isa = PBXBuildFile; fileRef = 2F47F4141E2EB360008D6354 /* ViewController.swift */; };
		2F47F4181E2EB360008D6354 /* Main.storyboard in Resources */ = {isa = PBXBuildFile; fileRef = 2F47F4161E2EB360008D6354 /* Main.storyboard */; };
		2F47F41A1E2EB360008D6354 /* Assets.xcassets in Resources */ = {isa = PBXBuildFile; fileRef = 2F47F4191E2EB360008D6354 /* Assets.xcassets */; };
		2F47F41D1E2EB360008D6354 /* LaunchScreen.storyboard in Resources */ = {isa = PBXBuildFile; fileRef = 2F47F41B1E2EB360008D6354 /* LaunchScreen.storyboard */; };
		2F47F4281E2EB360008D6354 /* vite2Tests.swift in Sources */ = {isa = PBXBuildFile; fileRef = 2F47F4271E2EB360008D6354 /* vite2Tests.swift */; };
		2F47F4331E2EB360008D6354 /* vite2UITests.swift in Sources */ = {isa = PBXBuildFile; fileRef = 2F47F4321E2EB360008D6354 /* vite2UITests.swift */; };
		2F47F4461E2EB5D8008D6354 /* ViewController1.swift in Sources */ = {isa = PBXBuildFile; fileRef = 2F47F4441E2EB5D8008D6354 /* ViewController1.swift */; };
		2F47F4471E2EB5D8008D6354 /* ViewController1.xib in Resources */ = {isa = PBXBuildFile; fileRef = 2F47F4451E2EB5D8008D6354 /* ViewController1.xib */; };
		2F47F44A1E2EB61E008D6354 /* ViewController0.swift in Sources */ = {isa = PBXBuildFile; fileRef = 2F47F4481E2EB61E008D6354 /* ViewController0.swift */; };
		2F47F44B1E2EB61E008D6354 /* ViewController0.xib in Resources */ = {isa = PBXBuildFile; fileRef = 2F47F4491E2EB61E008D6354 /* ViewController0.xib */; };
		2F47F44E1E2EB6B6008D6354 /* ViewController2.swift in Sources */ = {isa = PBXBuildFile; fileRef = 2F47F44C1E2EB6B6008D6354 /* ViewController2.swift */; };
		2F47F44F1E2EB6B6008D6354 /* ViewController2.xib in Resources */ = {isa = PBXBuildFile; fileRef = 2F47F44D1E2EB6B6008D6354 /* ViewController2.xib */; };
		2F5FF0E71EEC638500B69423 /* ViewController4.swift in Sources */ = {isa = PBXBuildFile; fileRef = 2F5FF0E51EEC638500B69423 /* ViewController4.swift */; };
		2F5FF0E81EEC638500B69423 /* ViewController4.xib in Resources */ = {isa = PBXBuildFile; fileRef = 2F5FF0E61EEC638500B69423 /* ViewController4.xib */; };
		2F92B1F51E3D5F9F001F3722 /* ViewController3.swift in Sources */ = {isa = PBXBuildFile; fileRef = 2F92B1F31E3D5F9F001F3722 /* ViewController3.swift */; };
		2F92B1F61E3D5F9F001F3722 /* ViewController3.xib in Resources */ = {isa = PBXBuildFile; fileRef = 2F92B1F41E3D5F9F001F3722 /* ViewController3.xib */; };
		2F92B1F81E3EA276001F3722 /* snap.jpg in Resources */ = {isa = PBXBuildFile; fileRef = 2F92B1F71E3EA276001F3722 /* snap.jpg */; };
		2F92B1FC1E3FD03E001F3722 /* insta.jpg in Resources */ = {isa = PBXBuildFile; fileRef = 2F92B1FB1E3FD03E001F3722 /* insta.jpg */; };
		2F92B1FE1E3FD12C001F3722 /* mail.png in Resources */ = {isa = PBXBuildFile; fileRef = 2F92B1FD1E3FD12C001F3722 /* mail.png */; };
		2F92B2001E414B6E001F3722 /* stars1.jpg in Resources */ = {isa = PBXBuildFile; fileRef = 2F92B1FF1E414B6E001F3722 /* stars1.jpg */; };
		2F92B2041E416275001F3722 /* tumblr.png in Resources */ = {isa = PBXBuildFile; fileRef = 2F92B2031E416275001F3722 /* tumblr.png */; };
		2F92B2061E416349001F3722 /* twitter.jpg in Resources */ = {isa = PBXBuildFile; fileRef = 2F92B2051E416349001F3722 /* twitter.jpg */; };
		2F92B2081E4168FF001F3722 /* pint.png in Resources */ = {isa = PBXBuildFile; fileRef = 2F92B2071E4168FF001F3722 /* pint.png */; };
		2F92B20E1E4276AC001F3722 /* back.png in Resources */ = {isa = PBXBuildFile; fileRef = 2F92B20D1E4276AC001F3722 /* back.png */; };
		2F930F091F2ADE4B0021BF27 /* 500px.png in Resources */ = {isa = PBXBuildFile; fileRef = 2F930EFD1F2ADE4B0021BF27 /* 500px.png */; };
		2F930F0A1F2ADE4B0021BF27 /* dribbble.jpg in Resources */ = {isa = PBXBuildFile; fileRef = 2F930EFE1F2ADE4B0021BF27 /* dribbble.jpg */; };
		2F930F0B1F2ADE4B0021BF27 /* linkedin.jpg in Resources */ = {isa = PBXBuildFile; fileRef = 2F930EFF1F2ADE4B0021BF27 /* linkedin.jpg */; };
		2F930F0C1F2ADE4B0021BF27 /* myspace.png in Resources */ = {isa = PBXBuildFile; fileRef = 2F930F001F2ADE4B0021BF27 /* myspace.png */; };
		2F930F0D1F2ADE4B0021BF27 /* peri.png in Resources */ = {isa = PBXBuildFile; fileRef = 2F930F011F2ADE4B0021BF27 /* peri.png */; };
		2F930F0E1F2ADE4B0021BF27 /* reddit.jpg in Resources */ = {isa = PBXBuildFile; fileRef = 2F930F021F2ADE4B0021BF27 /* reddit.jpg */; };
		2F930F0F1F2ADE4B0021BF27 /* skype.jpg in Resources */ = {isa = PBXBuildFile; fileRef = 2F930F031F2ADE4B0021BF27 /* skype.jpg */; };
		2F930F101F2ADE4B0021BF27 /* spotify.png in Resources */ = {isa = PBXBuildFile; fileRef = 2F930F041F2ADE4B0021BF27 /* spotify.png */; };
		2F930F111F2ADE4B0021BF27 /* stack.png in Resources */ = {isa = PBXBuildFile; fileRef = 2F930F051F2ADE4B0021BF27 /* stack.png */; };
		2F930F121F2ADE4B0021BF27 /* venmo.png in Resources */ = {isa = PBXBuildFile; fileRef = 2F930F061F2ADE4B0021BF27 /* venmo.png */; };
		2F930F131F2ADE4B0021BF27 /* yelp.png in Resources */ = {isa = PBXBuildFile; fileRef = 2F930F071F2ADE4B0021BF27 /* yelp.png */; };
		2F930F141F2ADE4B0021BF27 /* youtube.png in Resources */ = {isa = PBXBuildFile; fileRef = 2F930F081F2ADE4B0021BF27 /* youtube.png */; };
		2F9F861C1E8F095700290027 /* starClear.png in Resources */ = {isa = PBXBuildFile; fileRef = 2F9F861B1E8F095700290027 /* starClear.png */; };
		2F9F861E1E8F099C00290027 /* starYellow.png in Resources */ = {isa = PBXBuildFile; fileRef = 2F9F861D1E8F099C00290027 /* starYellow.png */; };
		2FB315921F57208D0001CE67 /* share.png in Resources */ = {isa = PBXBuildFile; fileRef = 2FB315911F57208D0001CE67 /* share.png */; };
		2FB3159A1F572A7C0001CE67 /* real180c.png in Resources */ = {isa = PBXBuildFile; fileRef = 2FB315991F572A7C0001CE67 /* real180c.png */; };
		2FB3159C1F572BBA0001CE67 /* real180.png in Resources */ = {isa = PBXBuildFile; fileRef = 2FB3159B1F572BBA0001CE67 /* real180.png */; };
		2FB3159E1F572FBE0001CE67 /* blackX.png in Resources */ = {isa = PBXBuildFile; fileRef = 2FB3159D1F572FBE0001CE67 /* blackX.png */; };
		2FB315B21F5C99B60001CE67 /* clear80.png in Resources */ = {isa = PBXBuildFile; fileRef = 2FB315AB1F5C99B60001CE67 /* clear80.png */; };
		2FB315B41F5C99B60001CE67 /* clear1024.png in Resources */ = {isa = PBXBuildFile; fileRef = 2FB315AD1F5C99B60001CE67 /* clear1024.png */; };
		2FB315B51F5C99B60001CE67 /* longVite.png in Resources */ = {isa = PBXBuildFile; fileRef = 2FB315AE1F5C99B60001CE67 /* longVite.png */; };
		2FB315B61F5C99B60001CE67 /* real80.png in Resources */ = {isa = PBXBuildFile; fileRef = 2FB315AF1F5C99B60001CE67 /* real80.png */; };
		2FB315B71F5C99B60001CE67 /* real120.png in Resources */ = {isa = PBXBuildFile; fileRef = 2FB315B01F5C99B60001CE67 /* real120.png */; };
		2FB315B81F5C99B60001CE67 /* real1024.png in Resources */ = {isa = PBXBuildFile; fileRef = 2FB315B11F5C99B60001CE67 /* real1024.png */; };
		2FB315BE1F5E4A8F0001CE67 /* clear180OG.png in Resources */ = {isa = PBXBuildFile; fileRef = 2FB315BD1F5E4A8F0001CE67 /* clear180OG.png */; };
		2FD5DF1C1E6A191D00D4C4D3 /* phone.png in Resources */ = {isa = PBXBuildFile; fileRef = 2FD5DF1B1E6A191D00D4C4D3 /* phone.png */; };
		2FD5DF1E1E80B32B00D4C4D3 /* fb.png in Resources */ = {isa = PBXBuildFile; fileRef = 2FD5DF1D1E80B32B00D4C4D3 /* fb.png */; };
		2FF795A51E4531EB00EDEECF /* git.png in Resources */ = {isa = PBXBuildFile; fileRef = 2FF795A41E4531EB00EDEECF /* git.png */; };
		2FF9A2671F2539CE00520604 /* check.png in Resources */ = {isa = PBXBuildFile; fileRef = 2FF9A2661F2539CE00520604 /* check.png */; };
		2FFA5A0E1EC526DF000E7352 /* plus.png in Resources */ = {isa = PBXBuildFile; fileRef = 2FFA5A0D1EC526DF000E7352 /* plus.png */; };
		4C0454FCA286119B7FEEAB26 /* Pods_vite2UITests.framework in Frameworks */ = {isa = PBXBuildFile; fileRef = D673F9ACD9D56F7BACBCDAF0 /* Pods_vite2UITests.framework */; };
/* End PBXBuildFile section */

/* Begin PBXContainerItemProxy section */
		2F47F4241E2EB360008D6354 /* PBXContainerItemProxy */ = {
			isa = PBXContainerItemProxy;
			containerPortal = 2F47F4071E2EB360008D6354 /* Project object */;
			proxyType = 1;
			remoteGlobalIDString = 2F47F40E1E2EB360008D6354;
			remoteInfo = vite2;
		};
		2F47F42F1E2EB360008D6354 /* PBXContainerItemProxy */ = {
			isa = PBXContainerItemProxy;
			containerPortal = 2F47F4071E2EB360008D6354 /* Project object */;
			proxyType = 1;
			remoteGlobalIDString = 2F47F40E1E2EB360008D6354;
			remoteInfo = vite2;
		};
/* End PBXContainerItemProxy section */

/* Begin PBXFileReference section */
		25AC31A3BDABA676EBBC2A21 /* Pods-vite2.debug.xcconfig */ = {isa = PBXFileReference; includeInIndex = 1; lastKnownFileType = text.xcconfig; name = "Pods-vite2.debug.xcconfig"; path = "Pods/Target Support Files/Pods-vite2/Pods-vite2.debug.xcconfig"; sourceTree = "<group>"; };
		2F0B45B41F37B966001F9C9D /* list.png */ = {isa = PBXFileReference; lastKnownFileType = image.png; path = list.png; sourceTree = SOURCE_ROOT; };
		2F0B45B51F37B966001F9C9D /* user.png */ = {isa = PBXFileReference; lastKnownFileType = image.png; path = user.png; sourceTree = SOURCE_ROOT; };
		2F0B45BA1F3A7D65001F9C9D /* close.png */ = {isa = PBXFileReference; lastKnownFileType = image.png; path = close.png; sourceTree = SOURCE_ROOT; };
		2F0F49CB1F67496000AD76E9 /* cx.png */ = {isa = PBXFileReference; lastKnownFileType = image.png; path = cx.png; sourceTree = SOURCE_ROOT; };
		2F0F49CD1F674A9D00AD76E9 /* cx2.png */ = {isa = PBXFileReference; lastKnownFileType = image.png; path = cx2.png; sourceTree = SOURCE_ROOT; };
		2F0F49CF1F68A0B600AD76E9 /* xbox.jpg */ = {isa = PBXFileReference; lastKnownFileType = image.jpeg; path = xbox.jpg; sourceTree = SOURCE_ROOT; };
		2F1BE5C31F0F266E0076BE7B /* loginTW.png */ = {isa = PBXFileReference; lastKnownFileType = image.png; path = loginTW.png; sourceTree = SOURCE_ROOT; };
		2F1BE5C41F0F266E0076BE7B /* loginFB.png */ = {isa = PBXFileReference; lastKnownFileType = image.png; path = loginFB.png; sourceTree = SOURCE_ROOT; };
		2F1BE5C71F0F281C0076BE7B /* blackTriangle.png */ = {isa = PBXFileReference; lastKnownFileType = image.png; path = blackTriangle.png; sourceTree = SOURCE_ROOT; };
		2F1BE5CD1F0F2F930076BE7B /* gradient.png */ = {isa = PBXFileReference; lastKnownFileType = image.png; path = gradient.png; sourceTree = SOURCE_ROOT; };
		2F1D39FC1F42338000884E46 /* link.png */ = {isa = PBXFileReference; lastKnownFileType = image.png; path = link.png; sourceTree = SOURCE_ROOT; };
		2F1D39FE1F42342F00884E46 /* flickr.png */ = {isa = PBXFileReference; lastKnownFileType = image.png; path = flickr.png; sourceTree = SOURCE_ROOT; };
		2F1D3A001F42365500884E46 /* aim.jpg */ = {isa = PBXFileReference; lastKnownFileType = image.jpeg; path = aim.jpg; sourceTree = SOURCE_ROOT; };
		2F1D3A021F437AED00884E46 /* GoogleService-Info.plist */ = {isa = PBXFileReference; fileEncoding = 4; lastKnownFileType = text.plist.xml; path = "GoogleService-Info.plist"; sourceTree = SOURCE_ROOT; };
		2F1D3A041F43835000884E46 /* vite2.entitlements */ = {isa = PBXFileReference; lastKnownFileType = text.plist.entitlements; path = vite2.entitlements; sourceTree = "<group>"; };
		2F2548581F29665700F346C0 /* edit.png */ = {isa = PBXFileReference; lastKnownFileType = image.png; path = edit.png; sourceTree = SOURCE_ROOT; };
		2F2548591F29665700F346C0 /* orangeCheck.png */ = {isa = PBXFileReference; lastKnownFileType = image.png; path = orangeCheck.png; sourceTree = SOURCE_ROOT; };
		2F2548601F2967C300F346C0 /* logout.png */ = {isa = PBXFileReference; lastKnownFileType = image.png; path = logout.png; sourceTree = SOURCE_ROOT; };
		2F47F40F1E2EB360008D6354 /* vite2.app */ = {isa = PBXFileReference; explicitFileType = wrapper.application; includeInIndex = 0; path = vite2.app; sourceTree = BUILT_PRODUCTS_DIR; };
		2F47F4121E2EB360008D6354 /* AppDelegate.swift */ = {isa = PBXFileReference; lastKnownFileType = sourcecode.swift; path = AppDelegate.swift; sourceTree = "<group>"; };
		2F47F4141E2EB360008D6354 /* ViewController.swift */ = {isa = PBXFileReference; lastKnownFileType = sourcecode.swift; path = ViewController.swift; sourceTree = "<group>"; };
		2F47F4171E2EB360008D6354 /* Base */ = {isa = PBXFileReference; lastKnownFileType = file.storyboard; name = Base; path = Base.lproj/Main.storyboard; sourceTree = "<group>"; };
		2F47F4191E2EB360008D6354 /* Assets.xcassets */ = {isa = PBXFileReference; lastKnownFileType = folder.assetcatalog; path = Assets.xcassets; sourceTree = "<group>"; };
		2F47F41C1E2EB360008D6354 /* Base */ = {isa = PBXFileReference; lastKnownFileType = file.storyboard; name = Base; path = Base.lproj/LaunchScreen.storyboard; sourceTree = "<group>"; };
		2F47F41E1E2EB360008D6354 /* Info.plist */ = {isa = PBXFileReference; lastKnownFileType = text.plist.xml; path = Info.plist; sourceTree = "<group>"; };
		2F47F4231E2EB360008D6354 /* vite2Tests.xctest */ = {isa = PBXFileReference; explicitFileType = wrapper.cfbundle; includeInIndex = 0; path = vite2Tests.xctest; sourceTree = BUILT_PRODUCTS_DIR; };
		2F47F4271E2EB360008D6354 /* vite2Tests.swift */ = {isa = PBXFileReference; lastKnownFileType = sourcecode.swift; path = vite2Tests.swift; sourceTree = "<group>"; };
		2F47F4291E2EB360008D6354 /* Info.plist */ = {isa = PBXFileReference; lastKnownFileType = text.plist.xml; path = Info.plist; sourceTree = "<group>"; };
		2F47F42E1E2EB360008D6354 /* vite2UITests.xctest */ = {isa = PBXFileReference; explicitFileType = wrapper.cfbundle; includeInIndex = 0; path = vite2UITests.xctest; sourceTree = BUILT_PRODUCTS_DIR; };
		2F47F4321E2EB360008D6354 /* vite2UITests.swift */ = {isa = PBXFileReference; lastKnownFileType = sourcecode.swift; path = vite2UITests.swift; sourceTree = "<group>"; };
		2F47F4341E2EB360008D6354 /* Info.plist */ = {isa = PBXFileReference; lastKnownFileType = text.plist.xml; path = Info.plist; sourceTree = "<group>"; };
		2F47F4441E2EB5D8008D6354 /* ViewController1.swift */ = {isa = PBXFileReference; fileEncoding = 4; lastKnownFileType = sourcecode.swift; path = ViewController1.swift; sourceTree = "<group>"; };
		2F47F4451E2EB5D8008D6354 /* ViewController1.xib */ = {isa = PBXFileReference; fileEncoding = 4; lastKnownFileType = file.xib; path = ViewController1.xib; sourceTree = "<group>"; };
		2F47F4481E2EB61E008D6354 /* ViewController0.swift */ = {isa = PBXFileReference; fileEncoding = 4; lastKnownFileType = sourcecode.swift; name = ViewController0.swift; path = ../ViewController0.swift; sourceTree = "<group>"; };
		2F47F4491E2EB61E008D6354 /* ViewController0.xib */ = {isa = PBXFileReference; fileEncoding = 4; lastKnownFileType = file.xib; name = ViewController0.xib; path = ../ViewController0.xib; sourceTree = "<group>"; };
		2F47F44C1E2EB6B6008D6354 /* ViewController2.swift */ = {isa = PBXFileReference; fileEncoding = 4; lastKnownFileType = sourcecode.swift; path = ViewController2.swift; sourceTree = "<group>"; };
		2F47F44D1E2EB6B6008D6354 /* ViewController2.xib */ = {isa = PBXFileReference; fileEncoding = 4; lastKnownFileType = file.xib; path = ViewController2.xib; sourceTree = "<group>"; };
		2F5FF0E51EEC638500B69423 /* ViewController4.swift */ = {isa = PBXFileReference; fileEncoding = 4; lastKnownFileType = sourcecode.swift; path = ViewController4.swift; sourceTree = "<group>"; };
		2F5FF0E61EEC638500B69423 /* ViewController4.xib */ = {isa = PBXFileReference; fileEncoding = 4; lastKnownFileType = file.xib; path = ViewController4.xib; sourceTree = "<group>"; };
		2F66D68E1F7E042200C670D5 /* real167.png */ = {isa = PBXFileReference; lastKnownFileType = image.png; path = real167.png; sourceTree = SOURCE_ROOT; };
		2F66D68F1F7E042300C670D5 /* real152.png */ = {isa = PBXFileReference; lastKnownFileType = image.png; path = real152.png; sourceTree = SOURCE_ROOT; };
		2F92B1F31E3D5F9F001F3722 /* ViewController3.swift */ = {isa = PBXFileReference; fileEncoding = 4; lastKnownFileType = sourcecode.swift; path = ViewController3.swift; sourceTree = "<group>"; };
		2F92B1F41E3D5F9F001F3722 /* ViewController3.xib */ = {isa = PBXFileReference; fileEncoding = 4; lastKnownFileType = file.xib; path = ViewController3.xib; sourceTree = "<group>"; };
		2F92B1F71E3EA276001F3722 /* snap.jpg */ = {isa = PBXFileReference; lastKnownFileType = image.jpeg; path = snap.jpg; sourceTree = SOURCE_ROOT; };
		2F92B1FB1E3FD03E001F3722 /* insta.jpg */ = {isa = PBXFileReference; lastKnownFileType = image.jpeg; path = insta.jpg; sourceTree = SOURCE_ROOT; };
		2F92B1FD1E3FD12C001F3722 /* mail.png */ = {isa = PBXFileReference; lastKnownFileType = image.png; path = mail.png; sourceTree = SOURCE_ROOT; };
		2F92B1FF1E414B6E001F3722 /* stars1.jpg */ = {isa = PBXFileReference; lastKnownFileType = image.jpeg; path = stars1.jpg; sourceTree = SOURCE_ROOT; };
		2F92B2031E416275001F3722 /* tumblr.png */ = {isa = PBXFileReference; lastKnownFileType = image.png; path = tumblr.png; sourceTree = SOURCE_ROOT; };
		2F92B2051E416349001F3722 /* twitter.jpg */ = {isa = PBXFileReference; lastKnownFileType = image.jpeg; path = twitter.jpg; sourceTree = SOURCE_ROOT; };
		2F92B2071E4168FF001F3722 /* pint.png */ = {isa = PBXFileReference; lastKnownFileType = image.png; path = pint.png; sourceTree = SOURCE_ROOT; };
		2F92B20D1E4276AC001F3722 /* back.png */ = {isa = PBXFileReference; lastKnownFileType = image.png; path = back.png; sourceTree = SOURCE_ROOT; };
		2F930EFD1F2ADE4B0021BF27 /* 500px.png */ = {isa = PBXFileReference; lastKnownFileType = image.png; path = 500px.png; sourceTree = SOURCE_ROOT; };
		2F930EFE1F2ADE4B0021BF27 /* dribbble.jpg */ = {isa = PBXFileReference; lastKnownFileType = image.jpeg; path = dribbble.jpg; sourceTree = SOURCE_ROOT; };
		2F930EFF1F2ADE4B0021BF27 /* linkedin.jpg */ = {isa = PBXFileReference; lastKnownFileType = image.jpeg; path = linkedin.jpg; sourceTree = SOURCE_ROOT; };
		2F930F001F2ADE4B0021BF27 /* myspace.png */ = {isa = PBXFileReference; lastKnownFileType = image.png; path = myspace.png; sourceTree = SOURCE_ROOT; };
		2F930F011F2ADE4B0021BF27 /* peri.png */ = {isa = PBXFileReference; lastKnownFileType = image.png; path = peri.png; sourceTree = SOURCE_ROOT; };
		2F930F021F2ADE4B0021BF27 /* reddit.jpg */ = {isa = PBXFileReference; lastKnownFileType = image.jpeg; path = reddit.jpg; sourceTree = SOURCE_ROOT; };
		2F930F031F2ADE4B0021BF27 /* skype.jpg */ = {isa = PBXFileReference; lastKnownFileType = image.jpeg; path = skype.jpg; sourceTree = SOURCE_ROOT; };
		2F930F041F2ADE4B0021BF27 /* spotify.png */ = {isa = PBXFileReference; lastKnownFileType = image.png; path = spotify.png; sourceTree = SOURCE_ROOT; };
		2F930F051F2ADE4B0021BF27 /* stack.png */ = {isa = PBXFileReference; lastKnownFileType = image.png; path = stack.png; sourceTree = SOURCE_ROOT; };
		2F930F061F2ADE4B0021BF27 /* venmo.png */ = {isa = PBXFileReference; lastKnownFileType = image.png; path = venmo.png; sourceTree = SOURCE_ROOT; };
		2F930F071F2ADE4B0021BF27 /* yelp.png */ = {isa = PBXFileReference; lastKnownFileType = image.png; path = yelp.png; sourceTree = SOURCE_ROOT; };
		2F930F081F2ADE4B0021BF27 /* youtube.png */ = {isa = PBXFileReference; lastKnownFileType = image.png; path = youtube.png; sourceTree = SOURCE_ROOT; };
		2F9F861B1E8F095700290027 /* starClear.png */ = {isa = PBXFileReference; lastKnownFileType = image.png; path = starClear.png; sourceTree = SOURCE_ROOT; };
		2F9F861D1E8F099C00290027 /* starYellow.png */ = {isa = PBXFileReference; lastKnownFileType = image.png; path = starYellow.png; sourceTree = SOURCE_ROOT; };
		2FB315911F57208D0001CE67 /* share.png */ = {isa = PBXFileReference; lastKnownFileType = image.png; path = share.png; sourceTree = SOURCE_ROOT; };
		2FB315991F572A7C0001CE67 /* real180c.png */ = {isa = PBXFileReference; lastKnownFileType = image.png; path = real180c.png; sourceTree = SOURCE_ROOT; };
		2FB3159B1F572BBA0001CE67 /* real180.png */ = {isa = PBXFileReference; lastKnownFileType = image.png; path = real180.png; sourceTree = SOURCE_ROOT; };
		2FB3159D1F572FBE0001CE67 /* blackX.png */ = {isa = PBXFileReference; lastKnownFileType = image.png; path = blackX.png; sourceTree = SOURCE_ROOT; };
		2FB315AB1F5C99B60001CE67 /* clear80.png */ = {isa = PBXFileReference; lastKnownFileType = image.png; path = clear80.png; sourceTree = SOURCE_ROOT; };
		2FB315AD1F5C99B60001CE67 /* clear1024.png */ = {isa = PBXFileReference; lastKnownFileType = image.png; path = clear1024.png; sourceTree = SOURCE_ROOT; };
		2FB315AE1F5C99B60001CE67 /* longVite.png */ = {isa = PBXFileReference; lastKnownFileType = image.png; path = longVite.png; sourceTree = SOURCE_ROOT; };
		2FB315AF1F5C99B60001CE67 /* real80.png */ = {isa = PBXFileReference; lastKnownFileType = image.png; path = real80.png; sourceTree = SOURCE_ROOT; };
		2FB315B01F5C99B60001CE67 /* real120.png */ = {isa = PBXFileReference; lastKnownFileType = image.png; path = real120.png; sourceTree = SOURCE_ROOT; };
		2FB315B11F5C99B60001CE67 /* real1024.png */ = {isa = PBXFileReference; lastKnownFileType = image.png; path = real1024.png; sourceTree = SOURCE_ROOT; };
		2FB315BD1F5E4A8F0001CE67 /* clear180OG.png */ = {isa = PBXFileReference; lastKnownFileType = image.png; path = clear180OG.png; sourceTree = SOURCE_ROOT; };
		2FD5DF1B1E6A191D00D4C4D3 /* phone.png */ = {isa = PBXFileReference; lastKnownFileType = image.png; path = phone.png; sourceTree = SOURCE_ROOT; };
		2FD5DF1D1E80B32B00D4C4D3 /* fb.png */ = {isa = PBXFileReference; lastKnownFileType = image.png; path = fb.png; sourceTree = SOURCE_ROOT; };
		2FF795A41E4531EB00EDEECF /* git.png */ = {isa = PBXFileReference; lastKnownFileType = image.png; path = git.png; sourceTree = SOURCE_ROOT; };
		2FF9A2661F2539CE00520604 /* check.png */ = {isa = PBXFileReference; lastKnownFileType = image.png; path = check.png; sourceTree = SOURCE_ROOT; };
		2FFA5A0D1EC526DF000E7352 /* plus.png */ = {isa = PBXFileReference; lastKnownFileType = image.png; path = plus.png; sourceTree = SOURCE_ROOT; };
		39C2BC42E193F88EF9246705 /* Pods_vite2.framework */ = {isa = PBXFileReference; explicitFileType = wrapper.framework; includeInIndex = 0; path = Pods_vite2.framework; sourceTree = BUILT_PRODUCTS_DIR; };
		48D8113212DC9A091B470834 /* Pods_vite2Tests.framework */ = {isa = PBXFileReference; explicitFileType = wrapper.framework; includeInIndex = 0; path = Pods_vite2Tests.framework; sourceTree = BUILT_PRODUCTS_DIR; };
		68A9854DE7A9CB68EC67DDAD /* Pods-vite2UITests.release.xcconfig */ = {isa = PBXFileReference; includeInIndex = 1; lastKnownFileType = text.xcconfig; name = "Pods-vite2UITests.release.xcconfig"; path = "Pods/Target Support Files/Pods-vite2UITests/Pods-vite2UITests.release.xcconfig"; sourceTree = "<group>"; };
		7354D1120997013625A1BC87 /* Pods-vite2.release.xcconfig */ = {isa = PBXFileReference; includeInIndex = 1; lastKnownFileType = text.xcconfig; name = "Pods-vite2.release.xcconfig"; path = "Pods/Target Support Files/Pods-vite2/Pods-vite2.release.xcconfig"; sourceTree = "<group>"; };
		A3327EE160852D9CEA413ECC /* Pods-vite2UITests.debug.xcconfig */ = {isa = PBXFileReference; includeInIndex = 1; lastKnownFileType = text.xcconfig; name = "Pods-vite2UITests.debug.xcconfig"; path = "Pods/Target Support Files/Pods-vite2UITests/Pods-vite2UITests.debug.xcconfig"; sourceTree = "<group>"; };
		B0454E833EF1AF31DD27F5B2 /* Pods-vite2Tests.release.xcconfig */ = {isa = PBXFileReference; includeInIndex = 1; lastKnownFileType = text.xcconfig; name = "Pods-vite2Tests.release.xcconfig"; path = "Pods/Target Support Files/Pods-vite2Tests/Pods-vite2Tests.release.xcconfig"; sourceTree = "<group>"; };
		D673F9ACD9D56F7BACBCDAF0 /* Pods_vite2UITests.framework */ = {isa = PBXFileReference; explicitFileType = wrapper.framework; includeInIndex = 0; path = Pods_vite2UITests.framework; sourceTree = BUILT_PRODUCTS_DIR; };
		DE40E10D32BA81EB88C2A323 /* Pods-vite2Tests.debug.xcconfig */ = {isa = PBXFileReference; includeInIndex = 1; lastKnownFileType = text.xcconfig; name = "Pods-vite2Tests.debug.xcconfig"; path = "Pods/Target Support Files/Pods-vite2Tests/Pods-vite2Tests.debug.xcconfig"; sourceTree = "<group>"; };
/* End PBXFileReference section */

/* Begin PBXFrameworksBuildPhase section */
		2F47F40C1E2EB360008D6354 /* Frameworks */ = {
			isa = PBXFrameworksBuildPhase;
			buildActionMask = 2147483647;
			files = (
				1B1886A0DC604595D41B1896 /* Pods_vite2.framework in Frameworks */,
			);
			runOnlyForDeploymentPostprocessing = 0;
		};
		2F47F4201E2EB360008D6354 /* Frameworks */ = {
			isa = PBXFrameworksBuildPhase;
			buildActionMask = 2147483647;
			files = (
				21E464CAB9A31E0EB79D431C /* Pods_vite2Tests.framework in Frameworks */,
			);
			runOnlyForDeploymentPostprocessing = 0;
		};
		2F47F42B1E2EB360008D6354 /* Frameworks */ = {
			isa = PBXFrameworksBuildPhase;
			buildActionMask = 2147483647;
			files = (
				4C0454FCA286119B7FEEAB26 /* Pods_vite2UITests.framework in Frameworks */,
			);
			runOnlyForDeploymentPostprocessing = 0;
		};
/* End PBXFrameworksBuildPhase section */

/* Begin PBXGroup section */
		267FCC14A2F7B9278089A7FC /* Frameworks */ = {
			isa = PBXGroup;
			children = (
				39C2BC42E193F88EF9246705 /* Pods_vite2.framework */,
				48D8113212DC9A091B470834 /* Pods_vite2Tests.framework */,
				D673F9ACD9D56F7BACBCDAF0 /* Pods_vite2UITests.framework */,
			);
			name = Frameworks;
			sourceTree = "<group>";
		};
		2F47F4061E2EB360008D6354 = {
			isa = PBXGroup;
			children = (
				2F47F4111E2EB360008D6354 /* vite2 */,
				2F47F4261E2EB360008D6354 /* vite2Tests */,
				2F47F4311E2EB360008D6354 /* vite2UITests */,
				2F47F4101E2EB360008D6354 /* Products */,
				30688FDC3AC360979272CC7E /* Pods */,
				267FCC14A2F7B9278089A7FC /* Frameworks */,
			);
			sourceTree = "<group>";
		};
		2F47F4101E2EB360008D6354 /* Products */ = {
			isa = PBXGroup;
			children = (
				2F47F40F1E2EB360008D6354 /* vite2.app */,
				2F47F4231E2EB360008D6354 /* vite2Tests.xctest */,
				2F47F42E1E2EB360008D6354 /* vite2UITests.xctest */,
			);
			name = Products;
			sourceTree = "<group>";
		};
		2F47F4111E2EB360008D6354 /* vite2 */ = {
			isa = PBXGroup;
			children = (
				2F1D3A041F43835000884E46 /* vite2.entitlements */,
				2F1D3A021F437AED00884E46 /* GoogleService-Info.plist */,
				2F47F4121E2EB360008D6354 /* AppDelegate.swift */,
				2F47F4141E2EB360008D6354 /* ViewController.swift */,
				2F47F4161E2EB360008D6354 /* Main.storyboard */,
				2F47F4481E2EB61E008D6354 /* ViewController0.swift */,
				2F47F4491E2EB61E008D6354 /* ViewController0.xib */,
				2F47F4441E2EB5D8008D6354 /* ViewController1.swift */,
				2F47F4451E2EB5D8008D6354 /* ViewController1.xib */,
				2F47F44C1E2EB6B6008D6354 /* ViewController2.swift */,
				2F47F44D1E2EB6B6008D6354 /* ViewController2.xib */,
				2F92B1F31E3D5F9F001F3722 /* ViewController3.swift */,
				2F92B1F41E3D5F9F001F3722 /* ViewController3.xib */,
				2F5FF0E51EEC638500B69423 /* ViewController4.swift */,
				2F5FF0E61EEC638500B69423 /* ViewController4.xib */,
				2FB315911F57208D0001CE67 /* share.png */,
				2FB3159D1F572FBE0001CE67 /* blackX.png */,
				2F0F49CB1F67496000AD76E9 /* cx.png */,
				2F0F49CD1F674A9D00AD76E9 /* cx2.png */,
				2F1D3A001F42365500884E46 /* aim.jpg */,
				2FB315991F572A7C0001CE67 /* real180c.png */,
				2F0F49CF1F68A0B600AD76E9 /* xbox.jpg */,
				2FB315AB1F5C99B60001CE67 /* clear80.png */,
				2F66D68F1F7E042300C670D5 /* real152.png */,
				2F66D68E1F7E042200C670D5 /* real167.png */,
				2FB315AD1F5C99B60001CE67 /* clear1024.png */,
				2FB315AE1F5C99B60001CE67 /* longVite.png */,
				2FB315AF1F5C99B60001CE67 /* real80.png */,
				2FB315B01F5C99B60001CE67 /* real120.png */,
				2FB315B11F5C99B60001CE67 /* real1024.png */,
				2F1D39FE1F42342F00884E46 /* flickr.png */,
				2F2548581F29665700F346C0 /* edit.png */,
				2FB315BD1F5E4A8F0001CE67 /* clear180OG.png */,
				2F1D39FC1F42338000884E46 /* link.png */,
				2F0B45B41F37B966001F9C9D /* list.png */,
				2FB3159B1F572BBA0001CE67 /* real180.png */,
				2F0B45B51F37B966001F9C9D /* user.png */,
				2F2548601F2967C300F346C0 /* logout.png */,
				2F2548591F29665700F346C0 /* orangeCheck.png */,
				2F930EFD1F2ADE4B0021BF27 /* 500px.png */,
				2F0B45BA1F3A7D65001F9C9D /* close.png */,
				2F930EFE1F2ADE4B0021BF27 /* dribbble.jpg */,
				2F930EFF1F2ADE4B0021BF27 /* linkedin.jpg */,
				2F930F001F2ADE4B0021BF27 /* myspace.png */,
				2F930F011F2ADE4B0021BF27 /* peri.png */,
				2F930F021F2ADE4B0021BF27 /* reddit.jpg */,
				2F930F031F2ADE4B0021BF27 /* skype.jpg */,
				2F930F041F2ADE4B0021BF27 /* spotify.png */,
				2F930F051F2ADE4B0021BF27 /* stack.png */,
				2F930F061F2ADE4B0021BF27 /* venmo.png */,
				2F930F071F2ADE4B0021BF27 /* yelp.png */,
				2F930F081F2ADE4B0021BF27 /* youtube.png */,
				2F1BE5CD1F0F2F930076BE7B /* gradient.png */,
				2F1BE5C31F0F266E0076BE7B /* loginTW.png */,
				2F1BE5C41F0F266E0076BE7B /* loginFB.png */,
				2F1BE5C71F0F281C0076BE7B /* blackTriangle.png */,
				2FF795A41E4531EB00EDEECF /* git.png */,
				2FD5DF1D1E80B32B00D4C4D3 /* fb.png */,
				2F92B20D1E4276AC001F3722 /* back.png */,
				2F9F861D1E8F099C00290027 /* starYellow.png */,
				2FFA5A0D1EC526DF000E7352 /* plus.png */,
				2F9F861B1E8F095700290027 /* starClear.png */,
				2F92B2031E416275001F3722 /* tumblr.png */,
				2FF9A2661F2539CE00520604 /* check.png */,
				2F92B2071E4168FF001F3722 /* pint.png */,
				2F92B1FF1E414B6E001F3722 /* stars1.jpg */,
				2FD5DF1B1E6A191D00D4C4D3 /* phone.png */,
				2F92B1F71E3EA276001F3722 /* snap.jpg */,
				2F92B1FD1E3FD12C001F3722 /* mail.png */,
				2F92B1FB1E3FD03E001F3722 /* insta.jpg */,
				2F92B2051E416349001F3722 /* twitter.jpg */,
				2F47F4191E2EB360008D6354 /* Assets.xcassets */,
				2F47F41B1E2EB360008D6354 /* LaunchScreen.storyboard */,
				2F47F41E1E2EB360008D6354 /* Info.plist */,
			);
			path = vite2;
			sourceTree = "<group>";
		};
		2F47F4261E2EB360008D6354 /* vite2Tests */ = {
			isa = PBXGroup;
			children = (
				2F47F4271E2EB360008D6354 /* vite2Tests.swift */,
				2F47F4291E2EB360008D6354 /* Info.plist */,
			);
			path = vite2Tests;
			sourceTree = "<group>";
		};
		2F47F4311E2EB360008D6354 /* vite2UITests */ = {
			isa = PBXGroup;
			children = (
				2F47F4321E2EB360008D6354 /* vite2UITests.swift */,
				2F47F4341E2EB360008D6354 /* Info.plist */,
			);
			path = vite2UITests;
			sourceTree = "<group>";
		};
		30688FDC3AC360979272CC7E /* Pods */ = {
			isa = PBXGroup;
			children = (
				25AC31A3BDABA676EBBC2A21 /* Pods-vite2.debug.xcconfig */,
				7354D1120997013625A1BC87 /* Pods-vite2.release.xcconfig */,
				DE40E10D32BA81EB88C2A323 /* Pods-vite2Tests.debug.xcconfig */,
				B0454E833EF1AF31DD27F5B2 /* Pods-vite2Tests.release.xcconfig */,
				A3327EE160852D9CEA413ECC /* Pods-vite2UITests.debug.xcconfig */,
				68A9854DE7A9CB68EC67DDAD /* Pods-vite2UITests.release.xcconfig */,
			);
			name = Pods;
			sourceTree = "<group>";
		};
/* End PBXGroup section */

/* Begin PBXNativeTarget section */
		2F47F40E1E2EB360008D6354 /* vite2 */ = {
			isa = PBXNativeTarget;
			buildConfigurationList = 2F47F4371E2EB360008D6354 /* Build configuration list for PBXNativeTarget "vite2" */;
			buildPhases = (
				D39ED2B4EA2F5EE926AAE2D6 /* [CP] Check Pods Manifest.lock */,
				2F47F40B1E2EB360008D6354 /* Sources */,
				2F47F40C1E2EB360008D6354 /* Frameworks */,
				2F47F40D1E2EB360008D6354 /* Resources */,
				8DA2CB4112EF803B358D6324 /* [CP] Embed Pods Frameworks */,
				0CB5FBE3A1AEBC74B4E71139 /* [CP] Copy Pods Resources */,
				2F1402E11E95973F005D3894 /* ShellScript */,
			);
			buildRules = (
			);
			dependencies = (
			);
			name = vite2;
			productName = vite2;
			productReference = 2F47F40F1E2EB360008D6354 /* vite2.app */;
			productType = "com.apple.product-type.application";
		};
		2F47F4221E2EB360008D6354 /* vite2Tests */ = {
			isa = PBXNativeTarget;
			buildConfigurationList = 2F47F43A1E2EB360008D6354 /* Build configuration list for PBXNativeTarget "vite2Tests" */;
			buildPhases = (
				D72D04111CC7BA6F745D413C /* [CP] Check Pods Manifest.lock */,
				2F47F41F1E2EB360008D6354 /* Sources */,
				2F47F4201E2EB360008D6354 /* Frameworks */,
				2F47F4211E2EB360008D6354 /* Resources */,
				215595A75FD0CA21C340F0A2 /* [CP] Embed Pods Frameworks */,
				0F638E2751CEF154E5B8BBA9 /* [CP] Copy Pods Resources */,
			);
			buildRules = (
			);
			dependencies = (
				2F47F4251E2EB360008D6354 /* PBXTargetDependency */,
			);
			name = vite2Tests;
			productName = vite2Tests;
			productReference = 2F47F4231E2EB360008D6354 /* vite2Tests.xctest */;
			productType = "com.apple.product-type.bundle.unit-test";
		};
		2F47F42D1E2EB360008D6354 /* vite2UITests */ = {
			isa = PBXNativeTarget;
			buildConfigurationList = 2F47F43D1E2EB360008D6354 /* Build configuration list for PBXNativeTarget "vite2UITests" */;
			buildPhases = (
				C2AD36A176FF709C6FBB0324 /* [CP] Check Pods Manifest.lock */,
				2F47F42A1E2EB360008D6354 /* Sources */,
				2F47F42B1E2EB360008D6354 /* Frameworks */,
				2F47F42C1E2EB360008D6354 /* Resources */,
				B05B8218D88C3F116DC4E766 /* [CP] Embed Pods Frameworks */,
				432431D8D8AC7B8ACCFCDF10 /* [CP] Copy Pods Resources */,
			);
			buildRules = (
			);
			dependencies = (
				2F47F4301E2EB360008D6354 /* PBXTargetDependency */,
			);
			name = vite2UITests;
			productName = vite2UITests;
			productReference = 2F47F42E1E2EB360008D6354 /* vite2UITests.xctest */;
			productType = "com.apple.product-type.bundle.ui-testing";
		};
/* End PBXNativeTarget section */

/* Begin PBXProject section */
		2F47F4071E2EB360008D6354 /* Project object */ = {
			isa = PBXProject;
			attributes = {
				LastSwiftUpdateCheck = 0820;
				LastUpgradeCheck = 0820;
				ORGANIZATIONNAME = "Steven Grutman";
				TargetAttributes = {
					2F47F40E1E2EB360008D6354 = {
						CreatedOnToolsVersion = 8.2.1;
						DevelopmentTeam = AAF498CNQG;
						ProvisioningStyle = Automatic;
						SystemCapabilities = {
							com.apple.Push = {
								enabled = 1;
							};
						};
					};
					2F47F4221E2EB360008D6354 = {
						CreatedOnToolsVersion = 8.2.1;
						DevelopmentTeam = 78PV2V3EX4;
						ProvisioningStyle = Automatic;
						TestTargetID = 2F47F40E1E2EB360008D6354;
					};
					2F47F42D1E2EB360008D6354 = {
						CreatedOnToolsVersion = 8.2.1;
						DevelopmentTeam = 78PV2V3EX4;
						ProvisioningStyle = Automatic;
						TestTargetID = 2F47F40E1E2EB360008D6354;
					};
				};
			};
			buildConfigurationList = 2F47F40A1E2EB360008D6354 /* Build configuration list for PBXProject "vite2" */;
			compatibilityVersion = "Xcode 3.2";
			developmentRegion = English;
			hasScannedForEncodings = 0;
			knownRegions = (
				en,
				Base,
			);
			mainGroup = 2F47F4061E2EB360008D6354;
			productRefGroup = 2F47F4101E2EB360008D6354 /* Products */;
			projectDirPath = "";
			projectRoot = "";
			targets = (
				2F47F40E1E2EB360008D6354 /* vite2 */,
				2F47F4221E2EB360008D6354 /* vite2Tests */,
				2F47F42D1E2EB360008D6354 /* vite2UITests */,
			);
		};
/* End PBXProject section */

/* Begin PBXResourcesBuildPhase section */
		2F47F40D1E2EB360008D6354 /* Resources */ = {
			isa = PBXResourcesBuildPhase;
			buildActionMask = 2147483647;
			files = (
				2F47F4471E2EB5D8008D6354 /* ViewController1.xib in Resources */,
				2F1BE5CE1F0F2F930076BE7B /* gradient.png in Resources */,
				2F92B2041E416275001F3722 /* tumblr.png in Resources */,
				2F1BE5C51F0F266E0076BE7B /* loginTW.png in Resources */,
				2F930F111F2ADE4B0021BF27 /* stack.png in Resources */,
				2FB315921F57208D0001CE67 /* share.png in Resources */,
				2F930F101F2ADE4B0021BF27 /* spotify.png in Resources */,
				2F930F0E1F2ADE4B0021BF27 /* reddit.jpg in Resources */,
				2F930F0D1F2ADE4B0021BF27 /* peri.png in Resources */,
				2FB315B61F5C99B60001CE67 /* real80.png in Resources */,
				2F1D3A011F42365500884E46 /* aim.jpg in Resources */,
				2F930F141F2ADE4B0021BF27 /* youtube.png in Resources */,
				2FB315B81F5C99B60001CE67 /* real1024.png in Resources */,
				2F930F0F1F2ADE4B0021BF27 /* skype.jpg in Resources */,
				2F1D39FF1F42342F00884E46 /* flickr.png in Resources */,
				2F47F41D1E2EB360008D6354 /* LaunchScreen.storyboard in Resources */,
				2F47F44B1E2EB61E008D6354 /* ViewController0.xib in Resources */,
				2F5FF0E81EEC638500B69423 /* ViewController4.xib in Resources */,
				2F0F49CE1F674A9D00AD76E9 /* cx2.png in Resources */,
				2F47F44F1E2EB6B6008D6354 /* ViewController2.xib in Resources */,
				2F2548611F2967C300F346C0 /* logout.png in Resources */,
				2F0B45BB1F3A7D65001F9C9D /* close.png in Resources */,
				2F0B45B71F37B966001F9C9D /* user.png in Resources */,
				2FB315B21F5C99B60001CE67 /* clear80.png in Resources */,
				2F92B1F81E3EA276001F3722 /* snap.jpg in Resources */,
				2F25485B1F29665700F346C0 /* orangeCheck.png in Resources */,
				2FB3159A1F572A7C0001CE67 /* real180c.png in Resources */,
				2F92B2081E4168FF001F3722 /* pint.png in Resources */,
				2F1D39FD1F42338000884E46 /* link.png in Resources */,
				2FB315B71F5C99B60001CE67 /* real120.png in Resources */,
				2F1D3A031F437AED00884E46 /* GoogleService-Info.plist in Resources */,
				2FB315BE1F5E4A8F0001CE67 /* clear180OG.png in Resources */,
				2F9F861E1E8F099C00290027 /* starYellow.png in Resources */,
				2F47F41A1E2EB360008D6354 /* Assets.xcassets in Resources */,
				2F930F0A1F2ADE4B0021BF27 /* dribbble.jpg in Resources */,
				2FD5DF1E1E80B32B00D4C4D3 /* fb.png in Resources */,
				2F92B1FE1E3FD12C001F3722 /* mail.png in Resources */,
				2FF9A2671F2539CE00520604 /* check.png in Resources */,
				2F9F861C1E8F095700290027 /* starClear.png in Resources */,
				2F0B45B61F37B966001F9C9D /* list.png in Resources */,
				2F1BE5C81F0F281C0076BE7B /* blackTriangle.png in Resources */,
				2F92B20E1E4276AC001F3722 /* back.png in Resources */,
				2F47F4181E2EB360008D6354 /* Main.storyboard in Resources */,
				2FB315B51F5C99B60001CE67 /* longVite.png in Resources */,
				2F0F49CC1F67496000AD76E9 /* cx.png in Resources */,
				2F92B1FC1E3FD03E001F3722 /* insta.jpg in Resources */,
				2F930F0B1F2ADE4B0021BF27 /* linkedin.jpg in Resources */,
				2FFA5A0E1EC526DF000E7352 /* plus.png in Resources */,
				2F930F0C1F2ADE4B0021BF27 /* myspace.png in Resources */,
				2F0F49D01F68A0B600AD76E9 /* xbox.jpg in Resources */,
				2F25485A1F29665700F346C0 /* edit.png in Resources */,
				2F1BE5C61F0F266F0076BE7B /* loginFB.png in Resources */,
				2FB315B41F5C99B60001CE67 /* clear1024.png in Resources */,
				2F92B1F61E3D5F9F001F3722 /* ViewController3.xib in Resources */,
				2F92B2061E416349001F3722 /* twitter.jpg in Resources */,
				2FB3159E1F572FBE0001CE67 /* blackX.png in Resources */,
				2FD5DF1C1E6A191D00D4C4D3 /* phone.png in Resources */,
				2F930F121F2ADE4B0021BF27 /* venmo.png in Resources */,
				2FF795A51E4531EB00EDEECF /* git.png in Resources */,
				2FB3159C1F572BBA0001CE67 /* real180.png in Resources */,
				2F930F091F2ADE4B0021BF27 /* 500px.png in Resources */,
				2F930F131F2ADE4B0021BF27 /* yelp.png in Resources */,
				2F92B2001E414B6E001F3722 /* stars1.jpg in Resources */,
			);
			runOnlyForDeploymentPostprocessing = 0;
		};
		2F47F4211E2EB360008D6354 /* Resources */ = {
			isa = PBXResourcesBuildPhase;
			buildActionMask = 2147483647;
			files = (
			);
			runOnlyForDeploymentPostprocessing = 0;
		};
		2F47F42C1E2EB360008D6354 /* Resources */ = {
			isa = PBXResourcesBuildPhase;
			buildActionMask = 2147483647;
			files = (
			);
			runOnlyForDeploymentPostprocessing = 0;
		};
/* End PBXResourcesBuildPhase section */

/* Begin PBXShellScriptBuildPhase section */
		0CB5FBE3A1AEBC74B4E71139 /* [CP] Copy Pods Resources */ = {
			isa = PBXShellScriptBuildPhase;
			buildActionMask = 2147483647;
			files = (
			);
			inputPaths = (
			);
			name = "[CP] Copy Pods Resources";
			outputPaths = (
			);
			runOnlyForDeploymentPostprocessing = 0;
			shellPath = /bin/sh;
			shellScript = "\"${SRCROOT}/Pods/Target Support Files/Pods-vite2/Pods-vite2-resources.sh\"\n";
			showEnvVarsInLog = 0;
		};
		0F638E2751CEF154E5B8BBA9 /* [CP] Copy Pods Resources */ = {
			isa = PBXShellScriptBuildPhase;
			buildActionMask = 2147483647;
			files = (
			);
			inputPaths = (
			);
			name = "[CP] Copy Pods Resources";
			outputPaths = (
			);
			runOnlyForDeploymentPostprocessing = 0;
			shellPath = /bin/sh;
			shellScript = "\"${SRCROOT}/Pods/Target Support Files/Pods-vite2Tests/Pods-vite2Tests-resources.sh\"\n";
			showEnvVarsInLog = 0;
		};
		215595A75FD0CA21C340F0A2 /* [CP] Embed Pods Frameworks */ = {
			isa = PBXShellScriptBuildPhase;
			buildActionMask = 2147483647;
			files = (
			);
			inputPaths = (
			);
			name = "[CP] Embed Pods Frameworks";
			outputPaths = (
			);
			runOnlyForDeploymentPostprocessing = 0;
			shellPath = /bin/sh;
			shellScript = "\"${SRCROOT}/Pods/Target Support Files/Pods-vite2Tests/Pods-vite2Tests-frameworks.sh\"\n";
			showEnvVarsInLog = 0;
		};
		2F1402E11E95973F005D3894 /* ShellScript */ = {
			isa = PBXShellScriptBuildPhase;
			buildActionMask = 2147483647;
			files = (
			);
			inputPaths = (
			);
			outputPaths = (
			);
			runOnlyForDeploymentPostprocessing = 0;
			shellPath = /bin/sh;
			shellScript = "\"${PODS_ROOT}/Fabric/run\" fc6214a1a785d7ded9c7344d5a8a7a56dea88b62 70a973210ec5424e623f5b2c65e79a4cb0a20457621b10a5d1cfa0e395d35f8b";
		};
		432431D8D8AC7B8ACCFCDF10 /* [CP] Copy Pods Resources */ = {
			isa = PBXShellScriptBuildPhase;
			buildActionMask = 2147483647;
			files = (
			);
			inputPaths = (
			);
			name = "[CP] Copy Pods Resources";
			outputPaths = (
			);
			runOnlyForDeploymentPostprocessing = 0;
			shellPath = /bin/sh;
			shellScript = "\"${SRCROOT}/Pods/Target Support Files/Pods-vite2UITests/Pods-vite2UITests-resources.sh\"\n";
			showEnvVarsInLog = 0;
		};
		8DA2CB4112EF803B358D6324 /* [CP] Embed Pods Frameworks */ = {
			isa = PBXShellScriptBuildPhase;
			buildActionMask = 2147483647;
			files = (
			);
			inputPaths = (
			);
			name = "[CP] Embed Pods Frameworks";
			outputPaths = (
			);
			runOnlyForDeploymentPostprocessing = 0;
			shellPath = /bin/sh;
			shellScript = "\"${SRCROOT}/Pods/Target Support Files/Pods-vite2/Pods-vite2-frameworks.sh\"\n";
			showEnvVarsInLog = 0;
		};
		B05B8218D88C3F116DC4E766 /* [CP] Embed Pods Frameworks */ = {
			isa = PBXShellScriptBuildPhase;
			buildActionMask = 2147483647;
			files = (
			);
			inputPaths = (
			);
			name = "[CP] Embed Pods Frameworks";
			outputPaths = (
			);
			runOnlyForDeploymentPostprocessing = 0;
			shellPath = /bin/sh;
			shellScript = "\"${SRCROOT}/Pods/Target Support Files/Pods-vite2UITests/Pods-vite2UITests-frameworks.sh\"\n";
			showEnvVarsInLog = 0;
		};
		C2AD36A176FF709C6FBB0324 /* [CP] Check Pods Manifest.lock */ = {
			isa = PBXShellScriptBuildPhase;
			buildActionMask = 2147483647;
			files = (
			);
			inputPaths = (
			);
			name = "[CP] Check Pods Manifest.lock";
			outputPaths = (
			);
			runOnlyForDeploymentPostprocessing = 0;
			shellPath = /bin/sh;
			shellScript = "diff \"${PODS_ROOT}/../Podfile.lock\" \"${PODS_ROOT}/Manifest.lock\" > /dev/null\nif [ $? != 0 ] ; then\n    # print error to STDERR\n    echo \"error: The sandbox is not in sync with the Podfile.lock. Run 'pod install' or update your CocoaPods installation.\" >&2\n    exit 1\nfi\n";
			showEnvVarsInLog = 0;
		};
		D39ED2B4EA2F5EE926AAE2D6 /* [CP] Check Pods Manifest.lock */ = {
			isa = PBXShellScriptBuildPhase;
			buildActionMask = 2147483647;
			files = (
			);
			inputPaths = (
			);
			name = "[CP] Check Pods Manifest.lock";
			outputPaths = (
			);
			runOnlyForDeploymentPostprocessing = 0;
			shellPath = /bin/sh;
			shellScript = "diff \"${PODS_ROOT}/../Podfile.lock\" \"${PODS_ROOT}/Manifest.lock\" > /dev/null\nif [ $? != 0 ] ; then\n    # print error to STDERR\n    echo \"error: The sandbox is not in sync with the Podfile.lock. Run 'pod install' or update your CocoaPods installation.\" >&2\n    exit 1\nfi\n";
			showEnvVarsInLog = 0;
		};
		D72D04111CC7BA6F745D413C /* [CP] Check Pods Manifest.lock */ = {
			isa = PBXShellScriptBuildPhase;
			buildActionMask = 2147483647;
			files = (
			);
			inputPaths = (
			);
			name = "[CP] Check Pods Manifest.lock";
			outputPaths = (
			);
			runOnlyForDeploymentPostprocessing = 0;
			shellPath = /bin/sh;
			shellScript = "diff \"${PODS_ROOT}/../Podfile.lock\" \"${PODS_ROOT}/Manifest.lock\" > /dev/null\nif [ $? != 0 ] ; then\n    # print error to STDERR\n    echo \"error: The sandbox is not in sync with the Podfile.lock. Run 'pod install' or update your CocoaPods installation.\" >&2\n    exit 1\nfi\n";
			showEnvVarsInLog = 0;
		};
/* End PBXShellScriptBuildPhase section */

/* Begin PBXSourcesBuildPhase section */
		2F47F40B1E2EB360008D6354 /* Sources */ = {
			isa = PBXSourcesBuildPhase;
			buildActionMask = 2147483647;
			files = (
				2F47F44E1E2EB6B6008D6354 /* ViewController2.swift in Sources */,
				2F5FF0E71EEC638500B69423 /* ViewController4.swift in Sources */,
				2F47F4461E2EB5D8008D6354 /* ViewController1.swift in Sources */,
				2F92B1F51E3D5F9F001F3722 /* ViewController3.swift in Sources */,
				2F47F4151E2EB360008D6354 /* ViewController.swift in Sources */,
				2F47F4131E2EB360008D6354 /* AppDelegate.swift in Sources */,
				2F47F44A1E2EB61E008D6354 /* ViewController0.swift in Sources */,
			);
			runOnlyForDeploymentPostprocessing = 0;
		};
		2F47F41F1E2EB360008D6354 /* Sources */ = {
			isa = PBXSourcesBuildPhase;
			buildActionMask = 2147483647;
			files = (
				2F47F4281E2EB360008D6354 /* vite2Tests.swift in Sources */,
			);
			runOnlyForDeploymentPostprocessing = 0;
		};
		2F47F42A1E2EB360008D6354 /* Sources */ = {
			isa = PBXSourcesBuildPhase;
			buildActionMask = 2147483647;
			files = (
				2F47F4331E2EB360008D6354 /* vite2UITests.swift in Sources */,
			);
			runOnlyForDeploymentPostprocessing = 0;
		};
/* End PBXSourcesBuildPhase section */

/* Begin PBXTargetDependency section */
		2F47F4251E2EB360008D6354 /* PBXTargetDependency */ = {
			isa = PBXTargetDependency;
			target = 2F47F40E1E2EB360008D6354 /* vite2 */;
			targetProxy = 2F47F4241E2EB360008D6354 /* PBXContainerItemProxy */;
		};
		2F47F4301E2EB360008D6354 /* PBXTargetDependency */ = {
			isa = PBXTargetDependency;
			target = 2F47F40E1E2EB360008D6354 /* vite2 */;
			targetProxy = 2F47F42F1E2EB360008D6354 /* PBXContainerItemProxy */;
		};
/* End PBXTargetDependency section */

/* Begin PBXVariantGroup section */
		2F47F4161E2EB360008D6354 /* Main.storyboard */ = {
			isa = PBXVariantGroup;
			children = (
				2F47F4171E2EB360008D6354 /* Base */,
			);
			name = Main.storyboard;
			sourceTree = "<group>";
		};
		2F47F41B1E2EB360008D6354 /* LaunchScreen.storyboard */ = {
			isa = PBXVariantGroup;
			children = (
				2F47F41C1E2EB360008D6354 /* Base */,
			);
			name = LaunchScreen.storyboard;
			sourceTree = "<group>";
		};
/* End PBXVariantGroup section */

/* Begin XCBuildConfiguration section */
		2F47F4351E2EB360008D6354 /* Debug */ = {
			isa = XCBuildConfiguration;
			buildSettings = {
				ALWAYS_SEARCH_USER_PATHS = NO;
				CLANG_ANALYZER_NONNULL = YES;
				CLANG_CXX_LANGUAGE_STANDARD = "gnu++0x";
				CLANG_CXX_LIBRARY = "libc++";
				CLANG_ENABLE_MODULES = YES;
				CLANG_ENABLE_OBJC_ARC = YES;
				CLANG_WARN_BOOL_CONVERSION = YES;
				CLANG_WARN_CONSTANT_CONVERSION = YES;
				CLANG_WARN_DIRECT_OBJC_ISA_USAGE = YES_ERROR;
				CLANG_WARN_DOCUMENTATION_COMMENTS = YES;
				CLANG_WARN_EMPTY_BODY = YES;
				CLANG_WARN_ENUM_CONVERSION = YES;
				CLANG_WARN_INFINITE_RECURSION = YES;
				CLANG_WARN_INT_CONVERSION = YES;
				CLANG_WARN_OBJC_ROOT_CLASS = YES_ERROR;
				CLANG_WARN_SUSPICIOUS_MOVE = YES;
				CLANG_WARN_UNREACHABLE_CODE = YES;
				CLANG_WARN__DUPLICATE_METHOD_MATCH = YES;
				"CODE_SIGN_IDENTITY[sdk=iphoneos*]" = "iPhone Developer";
				COPY_PHASE_STRIP = NO;
				DEBUG_INFORMATION_FORMAT = dwarf;
				ENABLE_STRICT_OBJC_MSGSEND = YES;
				ENABLE_TESTABILITY = YES;
				GCC_C_LANGUAGE_STANDARD = gnu99;
				GCC_DYNAMIC_NO_PIC = NO;
				GCC_NO_COMMON_BLOCKS = YES;
				GCC_OPTIMIZATION_LEVEL = 0;
				GCC_PREPROCESSOR_DEFINITIONS = (
					"DEBUG=1",
					"$(inherited)",
				);
				GCC_WARN_64_TO_32_BIT_CONVERSION = YES;
				GCC_WARN_ABOUT_RETURN_TYPE = YES_ERROR;
				GCC_WARN_UNDECLARED_SELECTOR = YES;
				GCC_WARN_UNINITIALIZED_AUTOS = YES_AGGRESSIVE;
				GCC_WARN_UNUSED_FUNCTION = YES;
				GCC_WARN_UNUSED_VARIABLE = YES;
				IPHONEOS_DEPLOYMENT_TARGET = 10.2;
				MTL_ENABLE_DEBUG_INFO = YES;
				ONLY_ACTIVE_ARCH = YES;
				SDKROOT = iphoneos;
				SWIFT_ACTIVE_COMPILATION_CONDITIONS = DEBUG;
				SWIFT_OPTIMIZATION_LEVEL = "-Onone";
				TARGETED_DEVICE_FAMILY = "1,2";
			};
			name = Debug;
		};
		2F47F4361E2EB360008D6354 /* Release */ = {
			isa = XCBuildConfiguration;
			buildSettings = {
				ALWAYS_SEARCH_USER_PATHS = NO;
				CLANG_ANALYZER_NONNULL = YES;
				CLANG_CXX_LANGUAGE_STANDARD = "gnu++0x";
				CLANG_CXX_LIBRARY = "libc++";
				CLANG_ENABLE_MODULES = YES;
				CLANG_ENABLE_OBJC_ARC = YES;
				CLANG_WARN_BOOL_CONVERSION = YES;
				CLANG_WARN_CONSTANT_CONVERSION = YES;
				CLANG_WARN_DIRECT_OBJC_ISA_USAGE = YES_ERROR;
				CLANG_WARN_DOCUMENTATION_COMMENTS = YES;
				CLANG_WARN_EMPTY_BODY = YES;
				CLANG_WARN_ENUM_CONVERSION = YES;
				CLANG_WARN_INFINITE_RECURSION = YES;
				CLANG_WARN_INT_CONVERSION = YES;
				CLANG_WARN_OBJC_ROOT_CLASS = YES_ERROR;
				CLANG_WARN_SUSPICIOUS_MOVE = YES;
				CLANG_WARN_UNREACHABLE_CODE = YES;
				CLANG_WARN__DUPLICATE_METHOD_MATCH = YES;
				"CODE_SIGN_IDENTITY[sdk=iphoneos*]" = "iPhone Developer";
				COPY_PHASE_STRIP = NO;
				DEBUG_INFORMATION_FORMAT = "dwarf-with-dsym";
				ENABLE_NS_ASSERTIONS = NO;
				ENABLE_STRICT_OBJC_MSGSEND = YES;
				GCC_C_LANGUAGE_STANDARD = gnu99;
				GCC_NO_COMMON_BLOCKS = YES;
				GCC_WARN_64_TO_32_BIT_CONVERSION = YES;
				GCC_WARN_ABOUT_RETURN_TYPE = YES_ERROR;
				GCC_WARN_UNDECLARED_SELECTOR = YES;
				GCC_WARN_UNINITIALIZED_AUTOS = YES_AGGRESSIVE;
				GCC_WARN_UNUSED_FUNCTION = YES;
				GCC_WARN_UNUSED_VARIABLE = YES;
				IPHONEOS_DEPLOYMENT_TARGET = 10.2;
				MTL_ENABLE_DEBUG_INFO = NO;
				SDKROOT = iphoneos;
				SWIFT_OPTIMIZATION_LEVEL = "-Owholemodule";
				TARGETED_DEVICE_FAMILY = "1,2";
				VALIDATE_PRODUCT = YES;
			};
			name = Release;
		};
		2F47F4381E2EB360008D6354 /* Debug */ = {
			isa = XCBuildConfiguration;
			baseConfigurationReference = 25AC31A3BDABA676EBBC2A21 /* Pods-vite2.debug.xcconfig */;
			buildSettings = {
				ALWAYS_EMBED_SWIFT_STANDARD_LIBRARIES = YES;
				ASSETCATALOG_COMPILER_APPICON_NAME = AppIcon;
				ASSETCATALOG_COMPILER_LAUNCHIMAGE_NAME = LaunchImage;
				CODE_SIGN_ENTITLEMENTS = vite2/vite2.entitlements;
				"CODE_SIGN_IDENTITY[sdk=iphoneos*]" = "iPhone Developer";
				DEVELOPMENT_TEAM = AAF498CNQG;
				INFOPLIST_FILE = vite2/Info.plist;
				LD_RUNPATH_SEARCH_PATHS = "$(inherited) @executable_path/Frameworks";
				PRODUCT_BUNDLE_IDENTIFIER = com.sgrutman978.vite;
				PRODUCT_NAME = "$(TARGET_NAME)";
				PROVISIONING_PROFILE_SPECIFIER = "";
				SWIFT_VERSION = 3.0;
				TARGETED_DEVICE_FAMILY = "1,2";
			};
			name = Debug;
		};
		2F47F4391E2EB360008D6354 /* Release */ = {
			isa = XCBuildConfiguration;
			baseConfigurationReference = 7354D1120997013625A1BC87 /* Pods-vite2.release.xcconfig */;
			buildSettings = {
				ALWAYS_EMBED_SWIFT_STANDARD_LIBRARIES = YES;
				ASSETCATALOG_COMPILER_APPICON_NAME = AppIcon;
				ASSETCATALOG_COMPILER_LAUNCHIMAGE_NAME = LaunchImage;
				CODE_SIGN_ENTITLEMENTS = vite2/vite2.entitlements;
				"CODE_SIGN_IDENTITY[sdk=iphoneos*]" = "iPhone Developer";
				DEVELOPMENT_TEAM = AAF498CNQG;
				INFOPLIST_FILE = vite2/Info.plist;
				LD_RUNPATH_SEARCH_PATHS = "$(inherited) @executable_path/Frameworks";
				PRODUCT_BUNDLE_IDENTIFIER = com.sgrutman978.vite;
				PRODUCT_NAME = "$(TARGET_NAME)";
				PROVISIONING_PROFILE_SPECIFIER = "";
				SWIFT_VERSION = 3.0;
				TARGETED_DEVICE_FAMILY = "1,2";
			};
			name = Release;
		};
		2F47F43B1E2EB360008D6354 /* Debug */ = {
			isa = XCBuildConfiguration;
			baseConfigurationReference = DE40E10D32BA81EB88C2A323 /* Pods-vite2Tests.debug.xcconfig */;
			buildSettings = {
				ALWAYS_EMBED_SWIFT_STANDARD_LIBRARIES = YES;
				BUNDLE_LOADER = "$(TEST_HOST)";
				DEVELOPMENT_TEAM = 78PV2V3EX4;
				INFOPLIST_FILE = vite2Tests/Info.plist;
				LD_RUNPATH_SEARCH_PATHS = "$(inherited) @executable_path/Frameworks @loader_path/Frameworks";
				PRODUCT_BUNDLE_IDENTIFIER = com.sgrutman978.vite2Tests;
				PRODUCT_NAME = "$(TARGET_NAME)";
				SWIFT_VERSION = 3.0;
				TEST_HOST = "$(BUILT_PRODUCTS_DIR)/vite2.app/vite2";
			};
			name = Debug;
		};
		2F47F43C1E2EB360008D6354 /* Release */ = {
			isa = XCBuildConfiguration;
			baseConfigurationReference = B0454E833EF1AF31DD27F5B2 /* Pods-vite2Tests.release.xcconfig */;
			buildSettings = {
				ALWAYS_EMBED_SWIFT_STANDARD_LIBRARIES = YES;
				BUNDLE_LOADER = "$(TEST_HOST)";
				DEVELOPMENT_TEAM = 78PV2V3EX4;
				INFOPLIST_FILE = vite2Tests/Info.plist;
				LD_RUNPATH_SEARCH_PATHS = "$(inherited) @executable_path/Frameworks @loader_path/Frameworks";
				PRODUCT_BUNDLE_IDENTIFIER = com.sgrutman978.vite2Tests;
				PRODUCT_NAME = "$(TARGET_NAME)";
				SWIFT_VERSION = 3.0;
				TEST_HOST = "$(BUILT_PRODUCTS_DIR)/vite2.app/vite2";
			};
			name = Release;
		};
		2F47F43E1E2EB360008D6354 /* Debug */ = {
			isa = XCBuildConfiguration;
			baseConfigurationReference = A3327EE160852D9CEA413ECC /* Pods-vite2UITests.debug.xcconfig */;
			buildSettings = {
				ALWAYS_EMBED_SWIFT_STANDARD_LIBRARIES = YES;
				DEVELOPMENT_TEAM = 78PV2V3EX4;
				INFOPLIST_FILE = vite2UITests/Info.plist;
				LD_RUNPATH_SEARCH_PATHS = "$(inherited) @executable_path/Frameworks @loader_path/Frameworks";
				PRODUCT_BUNDLE_IDENTIFIER = com.sgrutman978.vite2UITests;
				PRODUCT_NAME = "$(TARGET_NAME)";
				SWIFT_VERSION = 3.0;
				TEST_TARGET_NAME = vite2;
			};
			name = Debug;
		};
		2F47F43F1E2EB360008D6354 /* Release */ = {
			isa = XCBuildConfiguration;
			baseConfigurationReference = 68A9854DE7A9CB68EC67DDAD /* Pods-vite2UITests.release.xcconfig */;
			buildSettings = {
				ALWAYS_EMBED_SWIFT_STANDARD_LIBRARIES = YES;
				DEVELOPMENT_TEAM = 78PV2V3EX4;
				INFOPLIST_FILE = vite2UITests/Info.plist;
				LD_RUNPATH_SEARCH_PATHS = "$(inherited) @executable_path/Frameworks @loader_path/Frameworks";
				PRODUCT_BUNDLE_IDENTIFIER = com.sgrutman978.vite2UITests;
				PRODUCT_NAME = "$(TARGET_NAME)";
				SWIFT_VERSION = 3.0;
				TEST_TARGET_NAME = vite2;
			};
			name = Release;
		};
/* End XCBuildConfiguration section */

/* Begin XCConfigurationList section */
		2F47F40A1E2EB360008D6354 /* Build configuration list for PBXProject "vite2" */ = {
			isa = XCConfigurationList;
			buildConfigurations = (
				2F47F4351E2EB360008D6354 /* Debug */,
				2F47F4361E2EB360008D6354 /* Release */,
			);
			defaultConfigurationIsVisible = 0;
			defaultConfigurationName = Release;
		};
		2F47F4371E2EB360008D6354 /* Build configuration list for PBXNativeTarget "vite2" */ = {
			isa = XCConfigurationList;
			buildConfigurations = (
				2F47F4381E2EB360008D6354 /* Debug */,
				2F47F4391E2EB360008D6354 /* Release */,
			);
			defaultConfigurationIsVisible = 0;
			defaultConfigurationName = Release;
		};
		2F47F43A1E2EB360008D6354 /* Build configuration list for PBXNativeTarget "vite2Tests" */ = {
			isa = XCConfigurationList;
			buildConfigurations = (
				2F47F43B1E2EB360008D6354 /* Debug */,
				2F47F43C1E2EB360008D6354 /* Release */,
			);
			defaultConfigurationIsVisible = 0;
			defaultConfigurationName = Release;
		};
		2F47F43D1E2EB360008D6354 /* Build configuration list for PBXNativeTarget "vite2UITests" */ = {
			isa = XCConfigurationList;
			buildConfigurations = (
				2F47F43E1E2EB360008D6354 /* Debug */,
				2F47F43F1E2EB360008D6354 /* Release */,
			);
			defaultConfigurationIsVisible = 0;
			defaultConfigurationName = Release;
		};
/* End XCConfigurationList section */
	};
	rootObject = 2F47F4071E2EB360008D6354 /* Project object */;
}
